# This file is automatically @generated by Cargo.
# It is not intended for manual editing.
version = 4

[[package]]
name = "autocfg"
version = "1.5.0"
source = "registry+https://github.com/rust-lang/crates.io-index"
checksum = "c08606f8c3cbf4ce6ec8e28fb0014a2c086708fe954eaa885384a6165172e7e8"

[[package]]
name = "bit-iter"
version = "1.3.1"
source = "registry+https://github.com/rust-lang/crates.io-index"
checksum = "3c95b1159d450fcb44b73b8d7b7b739656061483a585bffe4b7484e617bf55e9"

[[package]]
name = "mask-tracked-array"
version = "0.1.0"
source = "git+https://github.com/Eisverygoodletter/mask-tracked-array#01492775342e60c5fb5fa17adbb0c1b1c6c772cb"
dependencies = [
 "bit-iter",
 "num-traits",
 "paste",
]

[[package]]
name = "num-traits"
version = "0.2.19"
source = "registry+https://github.com/rust-lang/crates.io-index"
checksum = "071dfc062690e90b734c0b2273ce72ad0ffa95f0c74596bc250dcfd960262841"
dependencies = [
 "autocfg",
]

[[package]]
name = "paste"
version = "1.0.15"
source = "registry+https://github.com/rust-lang/crates.io-index"
checksum = "57c0d7b74b563b49d38dae00a0c37d4d6de9b432382b2892f0574ddcae73fd0a"

[[package]]
name = "tiny-expr-tree"
version = "0.1.0"
dependencies = [
 "mask-tracked-array",
 "num-traits",
]
